
Microsoft Visual Studio Solution File, Format Version 12.00
# Visual Studio Version 16
VisualStudioVersion = 16.0.31702.278
MinimumVisualStudioVersion = 10.0.40219.1
Project("{FAE04EC0-301F-11D3-BF4B-00C04F79EFBC}") = "ProjetoIntegradorTeste", "ProjetoIntegradorTeste\ProjetoIntegradorTeste.csproj", "{00698ACE-9A5E-4904-A32D-795808FA6277}"
EndProject
Global
	GlobalSection(SolutionConfigurationPlatforms) = preSolution
		Debug|Any CPU = Debug|Any CPU
		Release|Any CPU = Release|Any CPU
	EndGlobalSection
	GlobalSection(ProjectConfigurationPlatforms) = postSolution
		{00698ACE-9A5E-4904-A32D-795808FA6277}.Debug|Any CPU.ActiveCfg = Debug|Any CPU
		{00698ACE-9A5E-4904-A32D-795808FA6277}.Debug|Any CPU.Build.0 = Debug|Any CPU
		{00698ACE-9A5E-4904-A32D-795808FA6277}.Release|Any CPU.ActiveCfg = Release|Any CPU
		{00698ACE-9A5E-4904-A32D-795808FA6277}.Release|Any CPU.Build.0 = Release|Any CPU
	EndGlobalSection
	GlobalSection(SolutionProperties) = preSolution
		HideSolutionNode = FALSE
	EndGlobalSection
	GlobalSection(ExtensibilityGlobals) = postSolution
		SolutionGuid = {B99A7238-ECCC-4BA6-9146-F55592174721}
	EndGlobalSection
EndGlobal
